// !$*UTF8*$!
{
	archiveVersion = 1;
	classes = {
	};
	objectVersion = 56;
	objects = {

/* Begin PBXBuildFile section */
		FA41054C2917BAE8006F7941 /* AppDelegate.swift in Sources */ = {isa = PBXBuildFile; fileRef = FA41054B2917BAE8006F7941 /* AppDelegate.swift */; };
		FA41054E2917BAE8006F7941 /* SceneDelegate.swift in Sources */ = {isa = PBXBuildFile; fileRef = FA41054D2917BAE8006F7941 /* SceneDelegate.swift */; };
		FA4105532917BAE8006F7941 /* Main.storyboard in Resources */ = {isa = PBXBuildFile; fileRef = FA4105512917BAE8006F7941 /* Main.storyboard */; };
		FA4105562917BAE8006F7941 /* Dl26CoreData.xcdatamodeld in Sources */ = {isa = PBXBuildFile; fileRef = FA4105542917BAE8006F7941 /* Dl26CoreData.xcdatamodeld */; };
		FA4105582917BAE9006F7941 /* Assets.xcassets in Resources */ = {isa = PBXBuildFile; fileRef = FA4105572917BAE9006F7941 /* Assets.xcassets */; };
		FA41055B2917BAE9006F7941 /* LaunchScreen.storyboard in Resources */ = {isa = PBXBuildFile; fileRef = FA4105592917BAE9006F7941 /* LaunchScreen.storyboard */; };
		FA41056A2917BD73006F7941 /* MainViewController.swift in Sources */ = {isa = PBXBuildFile; fileRef = FA4105692917BD73006F7941 /* MainViewController.swift */; };
		FA41056C2917BDDF006F7941 /* Model.swift in Sources */ = {isa = PBXBuildFile; fileRef = FA41056B2917BDDF006F7941 /* Model.swift */; };
		FA41056F2917BE41006F7941 /* Metric.swift in Sources */ = {isa = PBXBuildFile; fileRef = FA41056E2917BE41006F7941 /* Metric.swift */; };
		FA4105712917BE7C006F7941 /* TableCell.swift in Sources */ = {isa = PBXBuildFile; fileRef = FA4105702917BE7C006F7941 /* TableCell.swift */; };
		FA4105742917BEB5006F7941 /* DataUsers.swift in Sources */ = {isa = PBXBuildFile; fileRef = FA4105732917BEB5006F7941 /* DataUsers.swift */; };
		FA41057A2917BF5A006F7941 /* InfoScreenViewController.swift in Sources */ = {isa = PBXBuildFile; fileRef = FA4105792917BF5A006F7941 /* InfoScreenViewController.swift */; };
/* End PBXBuildFile section */

/* Begin PBXFileReference section */
		FA4105482917BAE8006F7941 /* Dl26CoreData.app */ = {isa = PBXFileReference; explicitFileType = wrapper.application; includeInIndex = 0; path = Dl26CoreData.app; sourceTree = BUILT_PRODUCTS_DIR; };
		FA41054B2917BAE8006F7941 /* AppDelegate.swift */ = {isa = PBXFileReference; lastKnownFileType = sourcecode.swift; path = AppDelegate.swift; sourceTree = "<group>"; };
		FA41054D2917BAE8006F7941 /* SceneDelegate.swift */ = {isa = PBXFileReference; lastKnownFileType = sourcecode.swift; path = SceneDelegate.swift; sourceTree = "<group>"; };
		FA4105522917BAE8006F7941 /* Base */ = {isa = PBXFileReference; lastKnownFileType = file.storyboard; name = Base; path = Base.lproj/Main.storyboard; sourceTree = "<group>"; };
		FA4105552917BAE8006F7941 /* Dl26CoreData.xcdatamodel */ = {isa = PBXFileReference; lastKnownFileType = wrapper.xcdatamodel; path = Dl26CoreData.xcdatamodel; sourceTree = "<group>"; };
		FA4105572917BAE9006F7941 /* Assets.xcassets */ = {isa = PBXFileReference; lastKnownFileType = folder.assetcatalog; path = Assets.xcassets; sourceTree = "<group>"; };
		FA41055A2917BAE9006F7941 /* Base */ = {isa = PBXFileReference; lastKnownFileType = file.storyboard; name = Base; path = Base.lproj/LaunchScreen.storyboard; sourceTree = "<group>"; };
		FA41055C2917BAE9006F7941 /* Info.plist */ = {isa = PBXFileReference; lastKnownFileType = text.plist.xml; path = Info.plist; sourceTree = "<group>"; };
		FA4105692917BD73006F7941 /* MainViewController.swift */ = {isa = PBXFileReference; lastKnownFileType = sourcecode.swift; path = MainViewController.swift; sourceTree = "<group>"; };
		FA41056B2917BDDF006F7941 /* Model.swift */ = {isa = PBXFileReference; lastKnownFileType = sourcecode.swift; path = Model.swift; sourceTree = "<group>"; };
		FA41056E2917BE41006F7941 /* Metric.swift */ = {isa = PBXFileReference; lastKnownFileType = sourcecode.swift; path = Metric.swift; sourceTree = "<group>"; };
		FA4105702917BE7C006F7941 /* TableCell.swift */ = {isa = PBXFileReference; lastKnownFileType = sourcecode.swift; path = TableCell.swift; sourceTree = "<group>"; };
		FA4105732917BEB5006F7941 /* DataUsers.swift */ = {isa = PBXFileReference; lastKnownFileType = sourcecode.swift; path = DataUsers.swift; sourceTree = "<group>"; };
		FA4105792917BF5A006F7941 /* InfoScreenViewController.swift */ = {isa = PBXFileReference; lastKnownFileType = sourcecode.swift; path = InfoScreenViewController.swift; sourceTree = "<group>"; };
/* End PBXFileReference section */

/* Begin PBXFrameworksBuildPhase section */
		FA4105452917BAE8006F7941 /* Frameworks */ = {
			isa = PBXFrameworksBuildPhase;
			buildActionMask = 2147483647;
			files = (
			);
			runOnlyForDeploymentPostprocessing = 0;
		};
/* End PBXFrameworksBuildPhase section */

/* Begin PBXGroup section */
		FA41053F2917BAE8006F7941 = {
			isa = PBXGroup;
			children = (
				FA41054A2917BAE8006F7941 /* Dl26CoreData */,
				FA4105492917BAE8006F7941 /* Products */,
			);
			sourceTree = "<group>";
		};
		FA4105492917BAE8006F7941 /* Products */ = {
			isa = PBXGroup;
			children = (
				FA4105482917BAE8006F7941 /* Dl26CoreData.app */,
			);
			name = Products;
			sourceTree = "<group>";
		};
		FA41054A2917BAE8006F7941 /* Dl26CoreData */ = {
			isa = PBXGroup;
			children = (
				FA4105722917BEA7006F7941 /* Data */,
				FA41056D2917BE24006F7941 /* Extensions */,
				FA4105642917BC28006F7941 /* Moduls */,
				FA4105632917BBE5006F7941 /* Resourse */,
				FA4105622917BBD4006F7941 /* App */,
			);
			path = Dl26CoreData;
			sourceTree = "<group>";
		};
		FA4105622917BBD4006F7941 /* App */ = {
			isa = PBXGroup;
			children = (
				FA41054B2917BAE8006F7941 /* AppDelegate.swift */,
				FA41054D2917BAE8006F7941 /* SceneDelegate.swift */,
			);
			path = App;
			sourceTree = "<group>";
		};
		FA4105632917BBE5006F7941 /* Resourse */ = {
			isa = PBXGroup;
			children = (
				FA4105542917BAE8006F7941 /* Dl26CoreData.xcdatamodeld */,
				FA41055C2917BAE9006F7941 /* Info.plist */,
				FA4105592917BAE9006F7941 /* LaunchScreen.storyboard */,
				FA4105572917BAE9006F7941 /* Assets.xcassets */,
				FA4105512917BAE8006F7941 /* Main.storyboard */,
			);
			path = Resourse;
			sourceTree = "<group>";
		};
		FA4105642917BC28006F7941 /* Moduls */ = {
			isa = PBXGroup;
			children = (
				FA4105652917BCC4006F7941 /* MainModul */,
				FA4105752917BEF9006F7941 /* InfoModule */,
			);
			path = Moduls;
			sourceTree = "<group>";
		};
		FA4105652917BCC4006F7941 /* MainModul */ = {
			isa = PBXGroup;
			children = (
				FA4105682917BCE8006F7941 /* Presenter */,
				FA4105672917BCDA006F7941 /* View */,
				FA4105662917BCCD006F7941 /* Model */,
			);
			path = MainModul;
			sourceTree = "<group>";
		};
		FA4105662917BCCD006F7941 /* Model */ = {
			isa = PBXGroup;
			children = (
				FA41056B2917BDDF006F7941 /* Model.swift */,
			);
			path = Model;
			sourceTree = "<group>";
		};
		FA4105672917BCDA006F7941 /* View */ = {
			isa = PBXGroup;
			children = (
				FA4105692917BD73006F7941 /* MainViewController.swift */,
				FA4105702917BE7C006F7941 /* TableCell.swift */,
			);
			path = View;
			sourceTree = "<group>";
		};
		FA4105682917BCE8006F7941 /* Presenter */ = {
			isa = PBXGroup;
			children = (
			);
			path = Presenter;
			sourceTree = "<group>";
		};
		FA41056D2917BE24006F7941 /* Extensions */ = {
			isa = PBXGroup;
			children = (
				FA41056E2917BE41006F7941 /* Metric.swift */,
			);
			path = Extensions;
			sourceTree = "<group>";
		};
		FA4105722917BEA7006F7941 /* Data */ = {
			isa = PBXGroup;
			children = (
				FA4105732917BEB5006F7941 /* DataUsers.swift */,
			);
			path = Data;
			sourceTree = "<group>";
		};
		FA4105752917BEF9006F7941 /* InfoModule */ = {
			isa = PBXGroup;
			children = (
				FA4105782917BF27006F7941 /* Presenter */,
				FA4105762917BF14006F7941 /* View */,
				FA4105772917BF1C006F7941 /* Model */,
			);
			path = InfoModule;
			sourceTree = "<group>";
		};
		FA4105762917BF14006F7941 /* View */ = {
			isa = PBXGroup;
			children = (
				FA4105792917BF5A006F7941 /* InfoScreenViewController.swift */,
			);
			path = View;
			sourceTree = "<group>";
		};
		FA4105772917BF1C006F7941 /* Model */ = {
			isa = PBXGroup;
			children = (
			);
			path = Model;
			sourceTree = "<group>";
		};
		FA4105782917BF27006F7941 /* Presenter */ = {
			isa = PBXGroup;
			children = (
			);
			path = Presenter;
			sourceTree = "<group>";
		};
/* End PBXGroup section */

/* Begin PBXNativeTarget section */
		FA4105472917BAE8006F7941 /* Dl26CoreData */ = {
			isa = PBXNativeTarget;
			buildConfigurationList = FA41055F2917BAE9006F7941 /* Build configuration list for PBXNativeTarget "Dl26CoreData" */;
			buildPhases = (
				FA4105442917BAE8006F7941 /* Sources */,
				FA4105452917BAE8006F7941 /* Frameworks */,
				FA4105462917BAE8006F7941 /* Resources */,
			);
			buildRules = (
			);
			dependencies = (
			);
			name = Dl26CoreData;
			productName = Dl26CoreData;
			productReference = FA4105482917BAE8006F7941 /* Dl26CoreData.app */;
			productType = "com.apple.product-type.application";
		};
/* End PBXNativeTarget section */

/* Begin PBXProject section */
		FA4105402917BAE8006F7941 /* Project object */ = {
			isa = PBXProject;
			attributes = {
				BuildIndependentTargetsInParallel = 1;
				LastSwiftUpdateCheck = 1410;
				LastUpgradeCheck = 1410;
				TargetAttributes = {
					FA4105472917BAE8006F7941 = {
						CreatedOnToolsVersion = 14.1;
					};
				};
			};
			buildConfigurationList = FA4105432917BAE8006F7941 /* Build configuration list for PBXProject "Dl26CoreData" */;
			compatibilityVersion = "Xcode 14.0";
			developmentRegion = en;
			hasScannedForEncodings = 0;
			knownRegions = (
				en,
				Base,
			);
			mainGroup = FA41053F2917BAE8006F7941;
			productRefGroup = FA4105492917BAE8006F7941 /* Products */;
			projectDirPath = "";
			projectRoot = "";
			targets = (
				FA4105472917BAE8006F7941 /* Dl26CoreData */,
			);
		};
/* End PBXProject section */

/* Begin PBXResourcesBuildPhase section */
		FA4105462917BAE8006F7941 /* Resources */ = {
			isa = PBXResourcesBuildPhase;
			buildActionMask = 2147483647;
			files = (
				FA41055B2917BAE9006F7941 /* LaunchScreen.storyboard in Resources */,
				FA4105582917BAE9006F7941 /* Assets.xcassets in Resources */,
				FA4105532917BAE8006F7941 /* Main.storyboard in Resources */,
			);
			runOnlyForDeploymentPostprocessing = 0;
		};
/* End PBXResourcesBuildPhase section */

/* Begin PBXSourcesBuildPhase section */
		FA4105442917BAE8006F7941 /* Sources */ = {
			isa = PBXSourcesBuildPhase;
			buildActionMask = 2147483647;
			files = (
				FA4105562917BAE8006F7941 /* Dl26CoreData.xcdatamodeld in Sources */,
				FA4105712917BE7C006F7941 /* TableCell.swift in Sources */,
				FA41054C2917BAE8006F7941 /* AppDelegate.swift in Sources */,
				FA41056C2917BDDF006F7941 /* Model.swift in Sources */,
				FA41054E2917BAE8006F7941 /* SceneDelegate.swift in Sources */,
				FA41057A2917BF5A006F7941 /* InfoScreenViewController.swift in Sources */,
				FA41056F2917BE41006F7941 /* Metric.swift in Sources */,
				FA4105742917BEB5006F7941 /* DataUsers.swift in Sources */,
				FA41056A2917BD73006F7941 /* MainViewController.swift in Sources */,
			);
			runOnlyForDeploymentPostprocessing = 0;
		};
/* End PBXSourcesBuildPhase section */

/* Begin PBXVariantGroup section */
		FA4105512917BAE8006F7941 /* Main.storyboard */ = {
			isa = PBXVariantGroup;
			children = (
				FA4105522917BAE8006F7941 /* Base */,
			);
			name = Main.storyboard;
			sourceTree = "<group>";
		};
		FA4105592917BAE9006F7941 /* LaunchScreen.storyboard */ = {
			isa = PBXVariantGroup;
			children = (
				FA41055A2917BAE9006F7941 /* Base */,
			);
			name = LaunchScreen.storyboard;
			sourceTree = "<group>";
		};
/* End PBXVariantGroup section */

/* Begin XCBuildConfiguration section */
		FA41055D2917BAE9006F7941 /* Debug */ = {
			isa = XCBuildConfiguration;
			buildSettings = {
				ALWAYS_SEARCH_USER_PATHS = NO;
				CLANG_ANALYZER_NONNULL = YES;
				CLANG_ANALYZER_NUMBER_OBJECT_CONVERSION = YES_AGGRESSIVE;
				CLANG_CXX_LANGUAGE_STANDARD = "gnu++20";
				CLANG_ENABLE_MODULES = YES;
				CLANG_ENABLE_OBJC_ARC = YES;
				CLANG_ENABLE_OBJC_WEAK = YES;
				CLANG_WARN_BLOCK_CAPTURE_AUTORELEASING = YES;
				CLANG_WARN_BOOL_CONVERSION = YES;
				CLANG_WARN_COMMA = YES;
				CLANG_WARN_CONSTANT_CONVERSION = YES;
				CLANG_WARN_DEPRECATED_OBJC_IMPLEMENTATIONS = YES;
				CLANG_WARN_DIRECT_OBJC_ISA_USAGE = YES_ERROR;
				CLANG_WARN_DOCUMENTATION_COMMENTS = YES;
				CLANG_WARN_EMPTY_BODY = YES;
				CLANG_WARN_ENUM_CONVERSION = YES;
				CLANG_WARN_INFINITE_RECURSION = YES;
				CLANG_WARN_INT_CONVERSION = YES;
				CLANG_WARN_NON_LITERAL_NULL_CONVERSION = YES;
				CLANG_WARN_OBJC_IMPLICIT_RETAIN_SELF = YES;
				CLANG_WARN_OBJC_LITERAL_CONVERSION = YES;
				CLANG_WARN_OBJC_ROOT_CLASS = YES_ERROR;
				CLANG_WARN_QUOTED_INCLUDE_IN_FRAMEWORK_HEADER = YES;
				CLANG_WARN_RANGE_LOOP_ANALYSIS = YES;
				CLANG_WARN_STRICT_PROTOTYPES = YES;
				CLANG_WARN_SUSPICIOUS_MOVE = YES;
				CLANG_WARN_UNGUARDED_AVAILABILITY = YES_AGGRESSIVE;
				CLANG_WARN_UNREACHABLE_CODE = YES;
				CLANG_WARN__DUPLICATE_METHOD_MATCH = YES;
				COPY_PHASE_STRIP = NO;
				DEBUG_INFORMATION_FORMAT = dwarf;
				ENABLE_STRICT_OBJC_MSGSEND = YES;
				ENABLE_TESTABILITY = YES;
				GCC_C_LANGUAGE_STANDARD = gnu11;
				GCC_DYNAMIC_NO_PIC = NO;
				GCC_NO_COMMON_BLOCKS = YES;
				GCC_OPTIMIZATION_LEVEL = 0;
				GCC_PREPROCESSOR_DEFINITIONS = (
					"DEBUG=1",
					"$(inherited)",
				);
				GCC_WARN_64_TO_32_BIT_CONVERSION = YES;
				GCC_WARN_ABOUT_RETURN_TYPE = YES_ERROR;
				GCC_WARN_UNDECLARED_SELECTOR = YES;
				GCC_WARN_UNINITIALIZED_AUTOS = YES_AGGRESSIVE;
				GCC_WARN_UNUSED_FUNCTION = YES;
				GCC_WARN_UNUSED_VARIABLE = YES;
				IPHONEOS_DEPLOYMENT_TARGET = 16.1;
				MTL_ENABLE_DEBUG_INFO = INCLUDE_SOURCE;
				MTL_FAST_MATH = YES;
				ONLY_ACTIVE_ARCH = YES;
				SDKROOT = iphoneos;
				SWIFT_ACTIVE_COMPILATION_CONDITIONS = DEBUG;
				SWIFT_OPTIMIZATION_LEVEL = "-Onone";
			};
			name = Debug;
		};
		FA41055E2917BAE9006F7941 /* Release */ = {
			isa = XCBuildConfiguration;
			buildSettings = {
				ALWAYS_SEARCH_USER_PATHS = NO;
				CLANG_ANALYZER_NONNULL = YES;
				CLANG_ANALYZER_NUMBER_OBJECT_CONVERSION = YES_AGGRESSIVE;
				CLANG_CXX_LANGUAGE_STANDARD = "gnu++20";
				CLANG_ENABLE_MODULES = YES;
				CLANG_ENABLE_OBJC_ARC = YES;
				CLANG_ENABLE_OBJC_WEAK = YES;
				CLANG_WARN_BLOCK_CAPTURE_AUTORELEASING = YES;
				CLANG_WARN_BOOL_CONVERSION = YES;
				CLANG_WARN_COMMA = YES;
				CLANG_WARN_CONSTANT_CONVERSION = YES;
				CLANG_WARN_DEPRECATED_OBJC_IMPLEMENTATIONS = YES;
				CLANG_WARN_DIRECT_OBJC_ISA_USAGE = YES_ERROR;
				CLANG_WARN_DOCUMENTATION_COMMENTS = YES;
				CLANG_WARN_EMPTY_BODY = YES;
				CLANG_WARN_ENUM_CONVERSION = YES;
				CLANG_WARN_INFINITE_RECURSION = YES;
				CLANG_WARN_INT_CONVERSION = YES;
				CLANG_WARN_NON_LITERAL_NULL_CONVERSION = YES;
				CLANG_WARN_OBJC_IMPLICIT_RETAIN_SELF = YES;
				CLANG_WARN_OBJC_LITERAL_CONVERSION = YES;
				CLANG_WARN_OBJC_ROOT_CLASS = YES_ERROR;
				CLANG_WARN_QUOTED_INCLUDE_IN_FRAMEWORK_HEADER = YES;
				CLANG_WARN_RANGE_LOOP_ANALYSIS = YES;
				CLANG_WARN_STRICT_PROTOTYPES = YES;
				CLANG_WARN_SUSPICIOUS_MOVE = YES;
				CLANG_WARN_UNGUARDED_AVAILABILITY = YES_AGGRESSIVE;
				CLANG_WARN_UNREACHABLE_CODE = YES;
				CLANG_WARN__DUPLICATE_METHOD_MATCH = YES;
				COPY_PHASE_STRIP = NO;
				DEBUG_INFORMATION_FORMAT = "dwarf-with-dsym";
				ENABLE_NS_ASSERTIONS = NO;
				ENABLE_STRICT_OBJC_MSGSEND = YES;
				GCC_C_LANGUAGE_STANDARD = gnu11;
				GCC_NO_COMMON_BLOCKS = YES;
				GCC_WARN_64_TO_32_BIT_CONVERSION = YES;
				GCC_WARN_ABOUT_RETURN_TYPE = YES_ERROR;
				GCC_WARN_UNDECLARED_SELECTOR = YES;
				GCC_WARN_UNINITIALIZED_AUTOS = YES_AGGRESSIVE;
				GCC_WARN_UNUSED_FUNCTION = YES;
				GCC_WARN_UNUSED_VARIABLE = YES;
				IPHONEOS_DEPLOYMENT_TARGET = 16.1;
				MTL_ENABLE_DEBUG_INFO = NO;
				MTL_FAST_MATH = YES;
				SDKROOT = iphoneos;
				SWIFT_COMPILATION_MODE = wholemodule;
				SWIFT_OPTIMIZATION_LEVEL = "-O";
				VALIDATE_PRODUCT = YES;
			};
			name = Release;
		};
		FA4105602917BAE9006F7941 /* Debug */ = {
			isa = XCBuildConfiguration;
			buildSettings = {
				ASSETCATALOG_COMPILER_APPICON_NAME = AppIcon;
				ASSETCATALOG_COMPILER_GLOBAL_ACCENT_COLOR_NAME = AccentColor;
				CODE_SIGN_STYLE = Automatic;
				CURRENT_PROJECT_VERSION = 1;
				DEVELOPMENT_TEAM = U3T8H6J3Z8;
				GENERATE_INFOPLIST_FILE = YES;
				INFOPLIST_FILE = Dl26CoreData/Resourse/Info.plist;
				INFOPLIST_KEY_UIApplicationSupportsIndirectInputEvents = YES;
				INFOPLIST_KEY_UILaunchStoryboardName = LaunchScreen;
				INFOPLIST_KEY_UIMainStoryboardFile = Main;
				INFOPLIST_KEY_UISupportedInterfaceOrientations_iPad = "UIInterfaceOrientationPortrait UIInterfaceOrientationPortraitUpsideDown UIInterfaceOrientationLandscapeLeft UIInterfaceOrientationLandscapeRight";
				INFOPLIST_KEY_UISupportedInterfaceOrientations_iPhone = "UIInterfaceOrientationPortrait UIInterfaceOrientationLandscapeLeft UIInterfaceOrientationLandscapeRight";
				LD_RUNPATH_SEARCH_PATHS = (
					"$(inherited)",
					"@executable_path/Frameworks",
				);
				MARKETING_VERSION = 1.0;
				PRODUCT_BUNDLE_IDENTIFIER = "danil112011-mail.ru.Dl26CoreData";
				PRODUCT_NAME = "$(TARGET_NAME)";
				SWIFT_EMIT_LOC_STRINGS = YES;
				SWIFT_VERSION = 5.0;
				TARGETED_DEVICE_FAMILY = "1,2";
			};
			name = Debug;
		};
		FA4105612917BAE9006F7941 /* Release */ = {
			isa = XCBuildConfiguration;
			buildSettings = {
				ASSETCATALOG_COMPILER_APPICON_NAME = AppIcon;
				ASSETCATALOG_COMPILER_GLOBAL_ACCENT_COLOR_NAME = AccentColor;
				CODE_SIGN_STYLE = Automatic;
				CURRENT_PROJECT_VERSION = 1;
				DEVELOPMENT_TEAM = U3T8H6J3Z8;
				GENERATE_INFOPLIST_FILE = YES;
				INFOPLIST_FILE = Dl26CoreData/Resourse/Info.plist;
				INFOPLIST_KEY_UIApplicationSupportsIndirectInputEvents = YES;
				INFOPLIST_KEY_UILaunchStoryboardName = LaunchScreen;
				INFOPLIST_KEY_UIMainStoryboardFile = Main;
				INFOPLIST_KEY_UISupportedInterfaceOrientations_iPad = "UIInterfaceOrientationPortrait UIInterfaceOrientationPortraitUpsideDown UIInterfaceOrientationLandscapeLeft UIInterfaceOrientationLandscapeRight";
				INFOPLIST_KEY_UISupportedInterfaceOrientations_iPhone = "UIInterfaceOrientationPortrait UIInterfaceOrientationLandscapeLeft UIInterfaceOrientationLandscapeRight";
				LD_RUNPATH_SEARCH_PATHS = (
					"$(inherited)",
					"@executable_path/Frameworks",
				);
				MARKETING_VERSION = 1.0;
				PRODUCT_BUNDLE_IDENTIFIER = "danil112011-mail.ru.Dl26CoreData";
				PRODUCT_NAME = "$(TARGET_NAME)";
				SWIFT_EMIT_LOC_STRINGS = YES;
				SWIFT_VERSION = 5.0;
				TARGETED_DEVICE_FAMILY = "1,2";
			};
			name = Release;
		};
/* End XCBuildConfiguration section */

/* Begin XCConfigurationList section */
		FA4105432917BAE8006F7941 /* Build configuration list for PBXProject "Dl26CoreData" */ = {
			isa = XCConfigurationList;
			buildConfigurations = (
				FA41055D2917BAE9006F7941 /* Debug */,
				FA41055E2917BAE9006F7941 /* Release */,
			);
			defaultConfigurationIsVisible = 0;
			defaultConfigurationName = Release;
		};
		FA41055F2917BAE9006F7941 /* Build configuration list for PBXNativeTarget "Dl26CoreData" */ = {
			isa = XCConfigurationList;
			buildConfigurations = (
				FA4105602917BAE9006F7941 /* Debug */,
				FA4105612917BAE9006F7941 /* Release */,
			);
			defaultConfigurationIsVisible = 0;
			defaultConfigurationName = Release;
		};
/* End XCConfigurationList section */

/* Begin XCVersionGroup section */
		FA4105542917BAE8006F7941 /* Dl26CoreData.xcdatamodeld */ = {
			isa = XCVersionGroup;
			children = (
				FA4105552917BAE8006F7941 /* Dl26CoreData.xcdatamodel */,
			);
			currentVersion = FA4105552917BAE8006F7941 /* Dl26CoreData.xcdatamodel */;
			path = Dl26CoreData.xcdatamodeld;
			sourceTree = "<group>";
			versionGroupType = wrapper.xcdatamodel;
		};
/* End XCVersionGroup section */
	};
	rootObject = FA4105402917BAE8006F7941 /* Project object */;
}
